{
  "name": "sp-dev-fx-extensions",
  "lockfileVersion": 3,
  "requires": true,
  "packages": {
    "": {
      "dependencies": {
        "@types/sentiment": "^5.0.4",
        "sentiment": "^5.0.2"
      }
    },
    "node_modules/@types/sentiment": {
      "version": "5.0.4",
      "resolved": "https://registry.npmjs.org/@types/sentiment/-/sentiment-5.0.4.tgz",
      "integrity": "sha512-6FL0CYijhnrR3gHbu7boAJn8zRCekJXBPfIHLkIgWbkY+hz5Dwfsq79FM7l/tLZKuEgQWktnzf6JqV2UCWKrbg=="
    },
    "node_modules/sentiment": {
      "version": "5.0.2",
      "resolved": "https://registry.npmjs.org/sentiment/-/sentiment-5.0.2.tgz",
      "integrity": "sha512-ZeC3y0JsOYTdwujt5uOd7ILJNilbgFzUtg/LEG4wUv43LayFNLZ28ec8+Su+h3saHlJmIwYxBzfDHHZuiMA15g==",
      "engines": {
        "node": ">=8.0"
      }
    }
  }
}
